
Microsoft Visual Studio Solution File, Format Version 12.00
# Visual Studio Version 16
VisualStudioVersion = 16.0.30128.74
MinimumVisualStudioVersion = 10.0.40219.1
Project("{FAE04EC0-301F-11D3-BF4B-00C04F79EFBC}") = "1.DiagonalDifference", "1.DiagonalDifference\1.DiagonalDifference.csproj", "{6F6938EF-C4DB-49EE-BF3C-98D4A04147E3}"
EndProject
Project("{FAE04EC0-301F-11D3-BF4B-00C04F79EFBC}") = "2.SquaresInMatrix", "2.SquaresInMatrix\2.SquaresInMatrix.csproj", "{F363D786-4F0D-417D-8C7A-F8AD9440741D}"
EndProject
Project("{FAE04EC0-301F-11D3-BF4B-00C04F79EFBC}") = "3.MaximalSum", "3.MaximalSum\3.MaximalSum.csproj", "{1DEF7BE8-D8D5-45DF-B292-44A86DBFD193}"
EndProject
Project("{FAE04EC0-301F-11D3-BF4B-00C04F79EFBC}") = "4.MatrixShuffling", "4.MatrixShuffling\4.MatrixShuffling.csproj", "{8DEE4EBB-A34E-4957-A491-C6E3B7B1F0D0}"
EndProject
Project("{FAE04EC0-301F-11D3-BF4B-00C04F79EFBC}") = "5.SnakeMoves", "5.SnakeMoves\5.SnakeMoves.csproj", "{922F47B3-6CA0-4C3C-B8DF-E30350A0E554}"
EndProject
Project("{FAE04EC0-301F-11D3-BF4B-00C04F79EFBC}") = "6.JaggedArrayManipulator", "6.JaggedArrayManipulator\6.JaggedArrayManipulator.csproj", "{63955C2E-9C47-484A-8516-5B7197D0934B}"
EndProject
Project("{FAE04EC0-301F-11D3-BF4B-00C04F79EFBC}") = "7.KnightGame", "7.KnightGame\7.KnightGame.csproj", "{6104E346-E56E-4E01-9BA0-A0DC6C9661C2}"
EndProject
Project("{FAE04EC0-301F-11D3-BF4B-00C04F79EFBC}") = "8.Bombs", "8.Bombs\8.Bombs.csproj", "{33E76FD7-1235-4E51-BD0D-8C8C7B1A73B3}"
EndProject
Global
	GlobalSection(SolutionConfigurationPlatforms) = preSolution
		Debug|Any CPU = Debug|Any CPU
		Release|Any CPU = Release|Any CPU
	EndGlobalSection
	GlobalSection(ProjectConfigurationPlatforms) = postSolution
		{6F6938EF-C4DB-49EE-BF3C-98D4A04147E3}.Debug|Any CPU.ActiveCfg = Debug|Any CPU
		{6F6938EF-C4DB-49EE-BF3C-98D4A04147E3}.Debug|Any CPU.Build.0 = Debug|Any CPU
		{6F6938EF-C4DB-49EE-BF3C-98D4A04147E3}.Release|Any CPU.ActiveCfg = Release|Any CPU
		{6F6938EF-C4DB-49EE-BF3C-98D4A04147E3}.Release|Any CPU.Build.0 = Release|Any CPU
		{F363D786-4F0D-417D-8C7A-F8AD9440741D}.Debug|Any CPU.ActiveCfg = Debug|Any CPU
		{F363D786-4F0D-417D-8C7A-F8AD9440741D}.Debug|Any CPU.Build.0 = Debug|Any CPU
		{F363D786-4F0D-417D-8C7A-F8AD9440741D}.Release|Any CPU.ActiveCfg = Release|Any CPU
		{F363D786-4F0D-417D-8C7A-F8AD9440741D}.Release|Any CPU.Build.0 = Release|Any CPU
		{1DEF7BE8-D8D5-45DF-B292-44A86DBFD193}.Debug|Any CPU.ActiveCfg = Debug|Any CPU
		{1DEF7BE8-D8D5-45DF-B292-44A86DBFD193}.Debug|Any CPU.Build.0 = Debug|Any CPU
		{1DEF7BE8-D8D5-45DF-B292-44A86DBFD193}.Release|Any CPU.ActiveCfg = Release|Any CPU
		{1DEF7BE8-D8D5-45DF-B292-44A86DBFD193}.Release|Any CPU.Build.0 = Release|Any CPU
		{8DEE4EBB-A34E-4957-A491-C6E3B7B1F0D0}.Debug|Any CPU.ActiveCfg = Debug|Any CPU
		{8DEE4EBB-A34E-4957-A491-C6E3B7B1F0D0}.Debug|Any CPU.Build.0 = Debug|Any CPU
		{8DEE4EBB-A34E-4957-A491-C6E3B7B1F0D0}.Release|Any CPU.ActiveCfg = Release|Any CPU
		{8DEE4EBB-A34E-4957-A491-C6E3B7B1F0D0}.Release|Any CPU.Build.0 = Release|Any CPU
		{922F47B3-6CA0-4C3C-B8DF-E30350A0E554}.Debug|Any CPU.ActiveCfg = Debug|Any CPU
		{922F47B3-6CA0-4C3C-B8DF-E30350A0E554}.Debug|Any CPU.Build.0 = Debug|Any CPU
		{922F47B3-6CA0-4C3C-B8DF-E30350A0E554}.Release|Any CPU.ActiveCfg = Release|Any CPU
		{922F47B3-6CA0-4C3C-B8DF-E30350A0E554}.Release|Any CPU.Build.0 = Release|Any CPU
		{63955C2E-9C47-484A-8516-5B7197D0934B}.Debug|Any CPU.ActiveCfg = Debug|Any CPU
		{63955C2E-9C47-484A-8516-5B7197D0934B}.Debug|Any CPU.Build.0 = Debug|Any CPU
		{63955C2E-9C47-484A-8516-5B7197D0934B}.Release|Any CPU.ActiveCfg = Release|Any CPU
		{63955C2E-9C47-484A-8516-5B7197D0934B}.Release|Any CPU.Build.0 = Release|Any CPU
		{6104E346-E56E-4E01-9BA0-A0DC6C9661C2}.Debug|Any CPU.ActiveCfg = Debug|Any CPU
		{6104E346-E56E-4E01-9BA0-A0DC6C9661C2}.Debug|Any CPU.Build.0 = Debug|Any CPU
		{6104E346-E56E-4E01-9BA0-A0DC6C9661C2}.Release|Any CPU.ActiveCfg = Release|Any CPU
		{6104E346-E56E-4E01-9BA0-A0DC6C9661C2}.Release|Any CPU.Build.0 = Release|Any CPU
		{33E76FD7-1235-4E51-BD0D-8C8C7B1A73B3}.Debug|Any CPU.ActiveCfg = Debug|Any CPU
		{33E76FD7-1235-4E51-BD0D-8C8C7B1A73B3}.Debug|Any CPU.Build.0 = Debug|Any CPU
		{33E76FD7-1235-4E51-BD0D-8C8C7B1A73B3}.Release|Any CPU.ActiveCfg = Release|Any CPU
		{33E76FD7-1235-4E51-BD0D-8C8C7B1A73B3}.Release|Any CPU.Build.0 = Release|Any CPU
	EndGlobalSection
	GlobalSection(SolutionProperties) = preSolution
		HideSolutionNode = FALSE
	EndGlobalSection
	GlobalSection(ExtensibilityGlobals) = postSolution
		SolutionGuid = {7E1BB195-42AF-451D-A9DE-B7139A42FBCC}
	EndGlobalSection
EndGlobal
